
Microsoft Visual Studio Solution File, Format Version 12.00
# Visual Studio Version 17
VisualStudioVersion = 17.13.35931.197 d17.13
MinimumVisualStudioVersion = 10.0.40219.1
Project("{54A90642-561A-4BB1-A94E-469ADEE60C69}") = "portafolio.client", "portafolio.client\portafolio.client.esproj", "{0F585CE5-466E-2720-291D-24D64DE8CFC1}"
EndProject
Project("{FAE04EC0-301F-11D3-BF4B-00C04F79EFBC}") = "Gateway.Api", "Portafolio.Server\Gateway.Api.csproj", "{9E727700-E44A-492A-AF6C-69F71638C0D1}"
EndProject
Project("{2150E333-8FDC-42A3-9474-1A3956D46DE8}") = "1.Front-End", "1.Front-End", "{02EA681E-C7D8-13C7-8484-4AC65E1B71E8}"
EndProject
Project("{2150E333-8FDC-42A3-9474-1A3956D46DE8}") = "2.Back-End", "2.Back-End", "{6CB80AAF-9304-4A5F-AA17-30382A61249E}"
EndProject
Project("{FAE04EC0-301F-11D3-BF4B-00C04F79EFBC}") = "Portafolio.Application", "Portafolio.Application\Portafolio.Application.csproj", "{AB9CF4C7-6D88-4CA9-ADE9-BD61379E699B}"
EndProject
Project("{FAE04EC0-301F-11D3-BF4B-00C04F79EFBC}") = "Portafolio.Domain", "Portafolio.Domain\Portafolio.Domain.csproj", "{DD8D042D-1C37-4201-B640-ADB50D3DC9D3}"
EndProject
Project("{FAE04EC0-301F-11D3-BF4B-00C04F79EFBC}") = "Portafolio.Infrastructure", "Portafolio.Infrastructure\Portafolio.Infrastructure.csproj", "{EAF3195A-4B04-494A-BBC8-DD3B89AC47C0}"
EndProject
Project("{2150E333-8FDC-42A3-9474-1A3956D46DE8}") = "PortafolioService", "PortafolioService", "{32AA9EF7-866F-4858-B2D7-EA5ACAC65755}"
EndProject
Project("{2150E333-8FDC-42A3-9474-1A3956D46DE8}") = "IdentityService", "IdentityService", "{0FB1CB93-FB42-4D4D-8109-903E0F354469}"
EndProject
Project("{2150E333-8FDC-42A3-9474-1A3956D46DE8}") = "Gateway", "Gateway", "{99B21198-0446-4E75-A6E8-173C7C1B7589}"
EndProject
Project("{FAE04EC0-301F-11D3-BF4B-00C04F79EFBC}") = "Portafolio.Api", "Portafolio.Api\Portafolio.Api.csproj", "{97CEC13F-2543-438D-8A94-949B0FA7861D}"
EndProject
Project("{FAE04EC0-301F-11D3-BF4B-00C04F79EFBC}") = "Identity.Api", "IdentityService\Identity.Api.csproj", "{6CCB25D7-8408-4067-A9CA-B98FB414948C}"
EndProject
Project("{FAE04EC0-301F-11D3-BF4B-00C04F79EFBC}") = "Identity.Domain", "Identity.Domain\Identity.Domain.csproj", "{8D627051-E7F0-48EC-80DF-56A98BE3117C}"
EndProject
Project("{FAE04EC0-301F-11D3-BF4B-00C04F79EFBC}") = "Identity.Application", "Identity.Application\Identity.Application.csproj", "{DFCBD01C-31E4-4B9F-975C-F1CA0841F4FF}"
EndProject
Project("{FAE04EC0-301F-11D3-BF4B-00C04F79EFBC}") = "Identity.Infrastructure", "Identity.Infrastructure\Identity.Infrastructure.csproj", "{5CE53A37-64C4-4446-8D33-03212FDFBAAA}"
EndProject
Global
	GlobalSection(SolutionConfigurationPlatforms) = preSolution
		Debug|Any CPU = Debug|Any CPU
		Release|Any CPU = Release|Any CPU
	EndGlobalSection
	GlobalSection(ProjectConfigurationPlatforms) = postSolution
		{0F585CE5-466E-2720-291D-24D64DE8CFC1}.Debug|Any CPU.ActiveCfg = Debug|Any CPU
		{0F585CE5-466E-2720-291D-24D64DE8CFC1}.Debug|Any CPU.Build.0 = Debug|Any CPU
		{0F585CE5-466E-2720-291D-24D64DE8CFC1}.Debug|Any CPU.Deploy.0 = Debug|Any CPU
		{0F585CE5-466E-2720-291D-24D64DE8CFC1}.Release|Any CPU.ActiveCfg = Release|Any CPU
		{0F585CE5-466E-2720-291D-24D64DE8CFC1}.Release|Any CPU.Build.0 = Release|Any CPU
		{0F585CE5-466E-2720-291D-24D64DE8CFC1}.Release|Any CPU.Deploy.0 = Release|Any CPU
		{9E727700-E44A-492A-AF6C-69F71638C0D1}.Debug|Any CPU.ActiveCfg = Debug|Any CPU
		{9E727700-E44A-492A-AF6C-69F71638C0D1}.Debug|Any CPU.Build.0 = Debug|Any CPU
		{9E727700-E44A-492A-AF6C-69F71638C0D1}.Release|Any CPU.ActiveCfg = Release|Any CPU
		{9E727700-E44A-492A-AF6C-69F71638C0D1}.Release|Any CPU.Build.0 = Release|Any CPU
		{AB9CF4C7-6D88-4CA9-ADE9-BD61379E699B}.Debug|Any CPU.ActiveCfg = Debug|Any CPU
		{AB9CF4C7-6D88-4CA9-ADE9-BD61379E699B}.Debug|Any CPU.Build.0 = Debug|Any CPU
		{AB9CF4C7-6D88-4CA9-ADE9-BD61379E699B}.Release|Any CPU.ActiveCfg = Release|Any CPU
		{AB9CF4C7-6D88-4CA9-ADE9-BD61379E699B}.Release|Any CPU.Build.0 = Release|Any CPU
		{DD8D042D-1C37-4201-B640-ADB50D3DC9D3}.Debug|Any CPU.ActiveCfg = Debug|Any CPU
		{DD8D042D-1C37-4201-B640-ADB50D3DC9D3}.Debug|Any CPU.Build.0 = Debug|Any CPU
		{DD8D042D-1C37-4201-B640-ADB50D3DC9D3}.Release|Any CPU.ActiveCfg = Release|Any CPU
		{DD8D042D-1C37-4201-B640-ADB50D3DC9D3}.Release|Any CPU.Build.0 = Release|Any CPU
		{EAF3195A-4B04-494A-BBC8-DD3B89AC47C0}.Debug|Any CPU.ActiveCfg = Debug|Any CPU
		{EAF3195A-4B04-494A-BBC8-DD3B89AC47C0}.Debug|Any CPU.Build.0 = Debug|Any CPU
		{EAF3195A-4B04-494A-BBC8-DD3B89AC47C0}.Release|Any CPU.ActiveCfg = Release|Any CPU
		{EAF3195A-4B04-494A-BBC8-DD3B89AC47C0}.Release|Any CPU.Build.0 = Release|Any CPU
		{97CEC13F-2543-438D-8A94-949B0FA7861D}.Debug|Any CPU.ActiveCfg = Debug|Any CPU
		{97CEC13F-2543-438D-8A94-949B0FA7861D}.Debug|Any CPU.Build.0 = Debug|Any CPU
		{97CEC13F-2543-438D-8A94-949B0FA7861D}.Release|Any CPU.ActiveCfg = Release|Any CPU
		{97CEC13F-2543-438D-8A94-949B0FA7861D}.Release|Any CPU.Build.0 = Release|Any CPU
		{6CCB25D7-8408-4067-A9CA-B98FB414948C}.Debug|Any CPU.ActiveCfg = Debug|Any CPU
		{6CCB25D7-8408-4067-A9CA-B98FB414948C}.Debug|Any CPU.Build.0 = Debug|Any CPU
		{6CCB25D7-8408-4067-A9CA-B98FB414948C}.Release|Any CPU.ActiveCfg = Release|Any CPU
		{6CCB25D7-8408-4067-A9CA-B98FB414948C}.Release|Any CPU.Build.0 = Release|Any CPU
		{8D627051-E7F0-48EC-80DF-56A98BE3117C}.Debug|Any CPU.ActiveCfg = Debug|Any CPU
		{8D627051-E7F0-48EC-80DF-56A98BE3117C}.Debug|Any CPU.Build.0 = Debug|Any CPU
		{8D627051-E7F0-48EC-80DF-56A98BE3117C}.Release|Any CPU.ActiveCfg = Release|Any CPU
		{8D627051-E7F0-48EC-80DF-56A98BE3117C}.Release|Any CPU.Build.0 = Release|Any CPU
		{DFCBD01C-31E4-4B9F-975C-F1CA0841F4FF}.Debug|Any CPU.ActiveCfg = Debug|Any CPU
		{DFCBD01C-31E4-4B9F-975C-F1CA0841F4FF}.Debug|Any CPU.Build.0 = Debug|Any CPU
		{DFCBD01C-31E4-4B9F-975C-F1CA0841F4FF}.Release|Any CPU.ActiveCfg = Release|Any CPU
		{DFCBD01C-31E4-4B9F-975C-F1CA0841F4FF}.Release|Any CPU.Build.0 = Release|Any CPU
		{5CE53A37-64C4-4446-8D33-03212FDFBAAA}.Debug|Any CPU.ActiveCfg = Debug|Any CPU
		{5CE53A37-64C4-4446-8D33-03212FDFBAAA}.Debug|Any CPU.Build.0 = Debug|Any CPU
		{5CE53A37-64C4-4446-8D33-03212FDFBAAA}.Release|Any CPU.ActiveCfg = Release|Any CPU
		{5CE53A37-64C4-4446-8D33-03212FDFBAAA}.Release|Any CPU.Build.0 = Release|Any CPU
	EndGlobalSection
	GlobalSection(SolutionProperties) = preSolution
		HideSolutionNode = FALSE
	EndGlobalSection
	GlobalSection(NestedProjects) = preSolution
		{0F585CE5-466E-2720-291D-24D64DE8CFC1} = {02EA681E-C7D8-13C7-8484-4AC65E1B71E8}
		{9E727700-E44A-492A-AF6C-69F71638C0D1} = {99B21198-0446-4E75-A6E8-173C7C1B7589}
		{AB9CF4C7-6D88-4CA9-ADE9-BD61379E699B} = {32AA9EF7-866F-4858-B2D7-EA5ACAC65755}
		{DD8D042D-1C37-4201-B640-ADB50D3DC9D3} = {32AA9EF7-866F-4858-B2D7-EA5ACAC65755}
		{EAF3195A-4B04-494A-BBC8-DD3B89AC47C0} = {32AA9EF7-866F-4858-B2D7-EA5ACAC65755}
		{32AA9EF7-866F-4858-B2D7-EA5ACAC65755} = {6CB80AAF-9304-4A5F-AA17-30382A61249E}
		{0FB1CB93-FB42-4D4D-8109-903E0F354469} = {6CB80AAF-9304-4A5F-AA17-30382A61249E}
		{99B21198-0446-4E75-A6E8-173C7C1B7589} = {6CB80AAF-9304-4A5F-AA17-30382A61249E}
		{97CEC13F-2543-438D-8A94-949B0FA7861D} = {32AA9EF7-866F-4858-B2D7-EA5ACAC65755}
		{6CCB25D7-8408-4067-A9CA-B98FB414948C} = {0FB1CB93-FB42-4D4D-8109-903E0F354469}
		{8D627051-E7F0-48EC-80DF-56A98BE3117C} = {0FB1CB93-FB42-4D4D-8109-903E0F354469}
		{DFCBD01C-31E4-4B9F-975C-F1CA0841F4FF} = {0FB1CB93-FB42-4D4D-8109-903E0F354469}
		{5CE53A37-64C4-4446-8D33-03212FDFBAAA} = {0FB1CB93-FB42-4D4D-8109-903E0F354469}
	EndGlobalSection
	GlobalSection(ExtensibilityGlobals) = postSolution
		SolutionGuid = {6571C8A4-2225-4CDF-A775-3F9021810704}
	EndGlobalSection
EndGlobal
